// !$*UTF8*$!
{
	archiveVersion = 1;
	classes = {
	};
	objectVersion = 46;
	objects = {

/* Begin PBXBuildFile section */
		5EB81ECA1D6524F600215870 /* AppDelegate.swift in Sources */ = {isa = PBXBuildFile; fileRef = 5EB81EC91D6524F600215870 /* AppDelegate.swift */; };
		5EB81ECC1D6524F600215870 /* ViewController.swift in Sources */ = {isa = PBXBuildFile; fileRef = 5EB81ECB1D6524F600215870 /* ViewController.swift */; };
		5EB81ECF1D6524F600215870 /* Main.storyboard in Resources */ = {isa = PBXBuildFile; fileRef = 5EB81ECD1D6524F600215870 /* Main.storyboard */; };
		5EB81ED11D6524F600215870 /* Assets.xcassets in Resources */ = {isa = PBXBuildFile; fileRef = 5EB81ED01D6524F600215870 /* Assets.xcassets */; };
		5EB81ED41D6524F600215870 /* LaunchScreen.storyboard in Resources */ = {isa = PBXBuildFile; fileRef = 5EB81ED21D6524F600215870 /* LaunchScreen.storyboard */; };
		5EB81EDF1D6524F600215870 /* BoxOfDropTests.swift in Sources */ = {isa = PBXBuildFile; fileRef = 5EB81EDE1D6524F600215870 /* BoxOfDropTests.swift */; };
		5EB81EEA1D6524F600215870 /* BoxOfDropUITests.swift in Sources */ = {isa = PBXBuildFile; fileRef = 5EB81EE91D6524F600215870 /* BoxOfDropUITests.swift */; };
		5ECA46311D6748D500792559 /* createAccountRootViewController.swift in Sources */ = {isa = PBXBuildFile; fileRef = 5ECA46301D6748D500792559 /* createAccountRootViewController.swift */; };
		5ECA46331D67925D00792559 /* newAccountViewController.swift in Sources */ = {isa = PBXBuildFile; fileRef = 5ECA46321D67925D00792559 /* newAccountViewController.swift */; };
		5ECA46351D69E35700792559 /* SignInRootViewController.swift in Sources */ = {isa = PBXBuildFile; fileRef = 5ECA46341D69E35700792559 /* SignInRootViewController.swift */; };
		5ECA46371D69E3D200792559 /* signInScreenViewController.swift in Sources */ = {isa = PBXBuildFile; fileRef = 5ECA46361D69E3D200792559 /* signInScreenViewController.swift */; };
		5ECA46391D69E65700792559 /* termsViewController.swift in Sources */ = {isa = PBXBuildFile; fileRef = 5ECA46381D69E65700792559 /* termsViewController.swift */; };
		5ECA463B1D6A388E00792559 /* newUserSettingsViewController.swift in Sources */ = {isa = PBXBuildFile; fileRef = 5ECA463A1D6A388E00792559 /* newUserSettingsViewController.swift */; };
		5ECA463D1D6A402C00792559 /* myPhotosViewController.swift in Sources */ = {isa = PBXBuildFile; fileRef = 5ECA463C1D6A402C00792559 /* myPhotosViewController.swift */; };
		5ECA463F1D6A45A600792559 /* filesViewController.swift in Sources */ = {isa = PBXBuildFile; fileRef = 5ECA463E1D6A45A600792559 /* filesViewController.swift */; };
		5ECA46411D6A5CFD00792559 /* welcomeScreensViewController.swift in Sources */ = {isa = PBXBuildFile; fileRef = 5ECA46401D6A5CFD00792559 /* welcomeScreensViewController.swift */; };
/* End PBXBuildFile section */

/* Begin PBXContainerItemProxy section */
		5EB81EDB1D6524F600215870 /* PBXContainerItemProxy */ = {
			isa = PBXContainerItemProxy;
			containerPortal = 5EB81EBE1D6524F500215870 /* Project object */;
			proxyType = 1;
			remoteGlobalIDString = 5EB81EC51D6524F600215870;
			remoteInfo = BoxOfDrop;
		};
		5EB81EE61D6524F600215870 /* PBXContainerItemProxy */ = {
			isa = PBXContainerItemProxy;
			containerPortal = 5EB81EBE1D6524F500215870 /* Project object */;
			proxyType = 1;
			remoteGlobalIDString = 5EB81EC51D6524F600215870;
			remoteInfo = BoxOfDrop;
		};
/* End PBXContainerItemProxy section */

/* Begin PBXFileReference section */
		5EB81EC61D6524F600215870 /* BoxOfDrop.app */ = {isa = PBXFileReference; explicitFileType = wrapper.application; includeInIndex = 0; path = BoxOfDrop.app; sourceTree = BUILT_PRODUCTS_DIR; };
		5EB81EC91D6524F600215870 /* AppDelegate.swift */ = {isa = PBXFileReference; lastKnownFileType = sourcecode.swift; path = AppDelegate.swift; sourceTree = "<group>"; };
		5EB81ECB1D6524F600215870 /* ViewController.swift */ = {isa = PBXFileReference; lastKnownFileType = sourcecode.swift; path = ViewController.swift; sourceTree = "<group>"; };
		5EB81ECE1D6524F600215870 /* Base */ = {isa = PBXFileReference; lastKnownFileType = file.storyboard; name = Base; path = Base.lproj/Main.storyboard; sourceTree = "<group>"; };
		5EB81ED01D6524F600215870 /* Assets.xcassets */ = {isa = PBXFileReference; lastKnownFileType = folder.assetcatalog; path = Assets.xcassets; sourceTree = "<group>"; };
		5EB81ED31D6524F600215870 /* Base */ = {isa = PBXFileReference; lastKnownFileType = file.storyboard; name = Base; path = Base.lproj/LaunchScreen.storyboard; sourceTree = "<group>"; };
		5EB81ED51D6524F600215870 /* Info.plist */ = {isa = PBXFileReference; lastKnownFileType = text.plist.xml; path = Info.plist; sourceTree = "<group>"; };
		5EB81EDA1D6524F600215870 /* BoxOfDropTests.xctest */ = {isa = PBXFileReference; explicitFileType = wrapper.cfbundle; includeInIndex = 0; path = BoxOfDropTests.xctest; sourceTree = BUILT_PRODUCTS_DIR; };
		5EB81EDE1D6524F600215870 /* BoxOfDropTests.swift */ = {isa = PBXFileReference; lastKnownFileType = sourcecode.swift; path = BoxOfDropTests.swift; sourceTree = "<group>"; };
		5EB81EE01D6524F600215870 /* Info.plist */ = {isa = PBXFileReference; lastKnownFileType = text.plist.xml; path = Info.plist; sourceTree = "<group>"; };
		5EB81EE51D6524F600215870 /* BoxOfDropUITests.xctest */ = {isa = PBXFileReference; explicitFileType = wrapper.cfbundle; includeInIndex = 0; path = BoxOfDropUITests.xctest; sourceTree = BUILT_PRODUCTS_DIR; };
		5EB81EE91D6524F600215870 /* BoxOfDropUITests.swift */ = {isa = PBXFileReference; lastKnownFileType = sourcecode.swift; path = BoxOfDropUITests.swift; sourceTree = "<group>"; };
		5EB81EEB1D6524F600215870 /* Info.plist */ = {isa = PBXFileReference; lastKnownFileType = text.plist.xml; path = Info.plist; sourceTree = "<group>"; };
		5ECA46301D6748D500792559 /* createAccountRootViewController.swift */ = {isa = PBXFileReference; fileEncoding = 4; lastKnownFileType = sourcecode.swift; path = createAccountRootViewController.swift; sourceTree = "<group>"; };
		5ECA46321D67925D00792559 /* newAccountViewController.swift */ = {isa = PBXFileReference; fileEncoding = 4; lastKnownFileType = sourcecode.swift; path = newAccountViewController.swift; sourceTree = "<group>"; };
		5ECA46341D69E35700792559 /* SignInRootViewController.swift */ = {isa = PBXFileReference; fileEncoding = 4; lastKnownFileType = sourcecode.swift; path = SignInRootViewController.swift; sourceTree = "<group>"; };
		5ECA46361D69E3D200792559 /* signInScreenViewController.swift */ = {isa = PBXFileReference; fileEncoding = 4; lastKnownFileType = sourcecode.swift; path = signInScreenViewController.swift; sourceTree = "<group>"; };
		5ECA46381D69E65700792559 /* termsViewController.swift */ = {isa = PBXFileReference; fileEncoding = 4; lastKnownFileType = sourcecode.swift; path = termsViewController.swift; sourceTree = "<group>"; };
		5ECA463A1D6A388E00792559 /* newUserSettingsViewController.swift */ = {isa = PBXFileReference; fileEncoding = 4; lastKnownFileType = sourcecode.swift; path = newUserSettingsViewController.swift; sourceTree = "<group>"; };
		5ECA463C1D6A402C00792559 /* myPhotosViewController.swift */ = {isa = PBXFileReference; fileEncoding = 4; lastKnownFileType = sourcecode.swift; path = myPhotosViewController.swift; sourceTree = "<group>"; };
		5ECA463E1D6A45A600792559 /* filesViewController.swift */ = {isa = PBXFileReference; fileEncoding = 4; lastKnownFileType = sourcecode.swift; path = filesViewController.swift; sourceTree = "<group>"; };
		5ECA46401D6A5CFD00792559 /* welcomeScreensViewController.swift */ = {isa = PBXFileReference; fileEncoding = 4; lastKnownFileType = sourcecode.swift; path = welcomeScreensViewController.swift; sourceTree = "<group>"; };
/* End PBXFileReference section */

/* Begin PBXFrameworksBuildPhase section */
		5EB81EC31D6524F600215870 /* Frameworks */ = {
			isa = PBXFrameworksBuildPhase;
			buildActionMask = 2147483647;
			files = (
			);
			runOnlyForDeploymentPostprocessing = 0;
		};
		5EB81ED71D6524F600215870 /* Frameworks */ = {
			isa = PBXFrameworksBuildPhase;
			buildActionMask = 2147483647;
			files = (
			);
			runOnlyForDeploymentPostprocessing = 0;
		};
		5EB81EE21D6524F600215870 /* Frameworks */ = {
			isa = PBXFrameworksBuildPhase;
			buildActionMask = 2147483647;
			files = (
			);
			runOnlyForDeploymentPostprocessing = 0;
		};
/* End PBXFrameworksBuildPhase section */

/* Begin PBXGroup section */
		5EB81EBD1D6524F500215870 = {
			isa = PBXGroup;
			children = (
				5EB81EC81D6524F600215870 /* BoxOfDrop */,
				5EB81EDD1D6524F600215870 /* BoxOfDropTests */,
				5EB81EE81D6524F600215870 /* BoxOfDropUITests */,
				5EB81EC71D6524F600215870 /* Products */,
			);
			sourceTree = "<group>";
		};
		5EB81EC71D6524F600215870 /* Products */ = {
			isa = PBXGroup;
			children = (
				5EB81EC61D6524F600215870 /* BoxOfDrop.app */,
				5EB81EDA1D6524F600215870 /* BoxOfDropTests.xctest */,
				5EB81EE51D6524F600215870 /* BoxOfDropUITests.xctest */,
			);
			name = Products;
			sourceTree = "<group>";
		};
		5EB81EC81D6524F600215870 /* BoxOfDrop */ = {
			isa = PBXGroup;
			children = (
				5EB81EC91D6524F600215870 /* AppDelegate.swift */,
				5EB81ECB1D6524F600215870 /* ViewController.swift */,
				5EB81ECD1D6524F600215870 /* Main.storyboard */,
				5ECA46401D6A5CFD00792559 /* welcomeScreensViewController.swift */,
				5ECA463C1D6A402C00792559 /* myPhotosViewController.swift */,
				5ECA463E1D6A45A600792559 /* filesViewController.swift */,
				5ECA46381D69E65700792559 /* termsViewController.swift */,
				5ECA463A1D6A388E00792559 /* newUserSettingsViewController.swift */,
				5ECA46341D69E35700792559 /* SignInRootViewController.swift */,
				5ECA46361D69E3D200792559 /* signInScreenViewController.swift */,
				5ECA46321D67925D00792559 /* newAccountViewController.swift */,
				5ECA46301D6748D500792559 /* createAccountRootViewController.swift */,
				5EB81ED01D6524F600215870 /* Assets.xcassets */,
				5EB81ED21D6524F600215870 /* LaunchScreen.storyboard */,
				5EB81ED51D6524F600215870 /* Info.plist */,
			);
			path = BoxOfDrop;
			sourceTree = "<group>";
		};
		5EB81EDD1D6524F600215870 /* BoxOfDropTests */ = {
			isa = PBXGroup;
			children = (
				5EB81EDE1D6524F600215870 /* BoxOfDropTests.swift */,
				5EB81EE01D6524F600215870 /* Info.plist */,
			);
			path = BoxOfDropTests;
			sourceTree = "<group>";
		};
		5EB81EE81D6524F600215870 /* BoxOfDropUITests */ = {
			isa = PBXGroup;
			children = (
				5EB81EE91D6524F600215870 /* BoxOfDropUITests.swift */,
				5EB81EEB1D6524F600215870 /* Info.plist */,
			);
			path = BoxOfDropUITests;
			sourceTree = "<group>";
		};
/* End PBXGroup section */

/* Begin PBXNativeTarget section */
		5EB81EC51D6524F600215870 /* BoxOfDrop */ = {
			isa = PBXNativeTarget;
			buildConfigurationList = 5EB81EEE1D6524F600215870 /* Build configuration list for PBXNativeTarget "BoxOfDrop" */;
			buildPhases = (
				5EB81EC21D6524F600215870 /* Sources */,
				5EB81EC31D6524F600215870 /* Frameworks */,
				5EB81EC41D6524F600215870 /* Resources */,
			);
			buildRules = (
			);
			dependencies = (
			);
			name = BoxOfDrop;
			productName = BoxOfDrop;
			productReference = 5EB81EC61D6524F600215870 /* BoxOfDrop.app */;
			productType = "com.apple.product-type.application";
		};
		5EB81ED91D6524F600215870 /* BoxOfDropTests */ = {
			isa = PBXNativeTarget;
			buildConfigurationList = 5EB81EF11D6524F600215870 /* Build configuration list for PBXNativeTarget "BoxOfDropTests" */;
			buildPhases = (
				5EB81ED61D6524F600215870 /* Sources */,
				5EB81ED71D6524F600215870 /* Frameworks */,
				5EB81ED81D6524F600215870 /* Resources */,
			);
			buildRules = (
			);
			dependencies = (
				5EB81EDC1D6524F600215870 /* PBXTargetDependency */,
			);
			name = BoxOfDropTests;
			productName = BoxOfDropTests;
			productReference = 5EB81EDA1D6524F600215870 /* BoxOfDropTests.xctest */;
			productType = "com.apple.product-type.bundle.unit-test";
		};
		5EB81EE41D6524F600215870 /* BoxOfDropUITests */ = {
			isa = PBXNativeTarget;
			buildConfigurationList = 5EB81EF41D6524F600215870 /* Build configuration list for PBXNativeTarget "BoxOfDropUITests" */;
			buildPhases = (
				5EB81EE11D6524F600215870 /* Sources */,
				5EB81EE21D6524F600215870 /* Frameworks */,
				5EB81EE31D6524F600215870 /* Resources */,
			);
			buildRules = (
			);
			dependencies = (
				5EB81EE71D6524F600215870 /* PBXTargetDependency */,
			);
			name = BoxOfDropUITests;
			productName = BoxOfDropUITests;
			productReference = 5EB81EE51D6524F600215870 /* BoxOfDropUITests.xctest */;
			productType = "com.apple.product-type.bundle.ui-testing";
		};
/* End PBXNativeTarget section */

/* Begin PBXProject section */
		5EB81EBE1D6524F500215870 /* Project object */ = {
			isa = PBXProject;
			attributes = {
				LastSwiftUpdateCheck = 0730;
				LastUpgradeCheck = 0730;
				ORGANIZATIONNAME = "Simpson, Danielle";
				TargetAttributes = {
					5EB81EC51D6524F600215870 = {
						CreatedOnToolsVersion = 7.3.1;
					};
					5EB81ED91D6524F600215870 = {
						CreatedOnToolsVersion = 7.3.1;
						TestTargetID = 5EB81EC51D6524F600215870;
					};
					5EB81EE41D6524F600215870 = {
						CreatedOnToolsVersion = 7.3.1;
						TestTargetID = 5EB81EC51D6524F600215870;
					};
				};
			};
			buildConfigurationList = 5EB81EC11D6524F500215870 /* Build configuration list for PBXProject "BoxOfDrop" */;
			compatibilityVersion = "Xcode 3.2";
			developmentRegion = English;
			hasScannedForEncodings = 0;
			knownRegions = (
				en,
				Base,
			);
			mainGroup = 5EB81EBD1D6524F500215870;
			productRefGroup = 5EB81EC71D6524F600215870 /* Products */;
			projectDirPath = "";
			projectRoot = "";
			targets = (
				5EB81EC51D6524F600215870 /* BoxOfDrop */,
				5EB81ED91D6524F600215870 /* BoxOfDropTests */,
				5EB81EE41D6524F600215870 /* BoxOfDropUITests */,
			);
		};
/* End PBXProject section */

/* Begin PBXResourcesBuildPhase section */
		5EB81EC41D6524F600215870 /* Resources */ = {
			isa = PBXResourcesBuildPhase;
			buildActionMask = 2147483647;
			files = (
				5EB81ED41D6524F600215870 /* LaunchScreen.storyboard in Resources */,
				5EB81ED11D6524F600215870 /* Assets.xcassets in Resources */,
				5EB81ECF1D6524F600215870 /* Main.storyboard in Resources */,
			);
			runOnlyForDeploymentPostprocessing = 0;
		};
		5EB81ED81D6524F600215870 /* Resources */ = {
			isa = PBXResourcesBuildPhase;
			buildActionMask = 2147483647;
			files = (
			);
			runOnlyForDeploymentPostprocessing = 0;
		};
		5EB81EE31D6524F600215870 /* Resources */ = {
			isa = PBXResourcesBuildPhase;
			buildActionMask = 2147483647;
			files = (
			);
			runOnlyForDeploymentPostprocessing = 0;
		};
/* End PBXResourcesBuildPhase section */

/* Begin PBXSourcesBuildPhase section */
		5EB81EC21D6524F600215870 /* Sources */ = {
			isa = PBXSourcesBuildPhase;
			buildActionMask = 2147483647;
			files = (
				5ECA46351D69E35700792559 /* SignInRootViewController.swift in Sources */,
				5EB81ECC1D6524F600215870 /* ViewController.swift in Sources */,
				5ECA463D1D6A402C00792559 /* myPhotosViewController.swift in Sources */,
				5ECA46371D69E3D200792559 /* signInScreenViewController.swift in Sources */,
				5ECA46411D6A5CFD00792559 /* welcomeScreensViewController.swift in Sources */,
				5ECA463F1D6A45A600792559 /* filesViewController.swift in Sources */,
				5EB81ECA1D6524F600215870 /* AppDelegate.swift in Sources */,
				5ECA46311D6748D500792559 /* createAccountRootViewController.swift in Sources */,
				5ECA46331D67925D00792559 /* newAccountViewController.swift in Sources */,
				5ECA46391D69E65700792559 /* termsViewController.swift in Sources */,
				5ECA463B1D6A388E00792559 /* newUserSettingsViewController.swift in Sources */,
			);
			runOnlyForDeploymentPostprocessing = 0;
		};
		5EB81ED61D6524F600215870 /* Sources */ = {
			isa = PBXSourcesBuildPhase;
			buildActionMask = 2147483647;
			files = (
				5EB81EDF1D6524F600215870 /* BoxOfDropTests.swift in Sources */,
			);
			runOnlyForDeploymentPostprocessing = 0;
		};
		5EB81EE11D6524F600215870 /* Sources */ = {
			isa = PBXSourcesBuildPhase;
			buildActionMask = 2147483647;
			files = (
				5EB81EEA1D6524F600215870 /* BoxOfDropUITests.swift in Sources */,
			);
			runOnlyForDeploymentPostprocessing = 0;
		};
/* End PBXSourcesBuildPhase section */

/* Begin PBXTargetDependency section */
		5EB81EDC1D6524F600215870 /* PBXTargetDependency */ = {
			isa = PBXTargetDependency;
			target = 5EB81EC51D6524F600215870 /* BoxOfDrop */;
			targetProxy = 5EB81EDB1D6524F600215870 /* PBXContainerItemProxy */;
		};
		5EB81EE71D6524F600215870 /* PBXTargetDependency */ = {
			isa = PBXTargetDependency;
			target = 5EB81EC51D6524F600215870 /* BoxOfDrop */;
			targetProxy = 5EB81EE61D6524F600215870 /* PBXContainerItemProxy */;
		};
/* End PBXTargetDependency section */

/* Begin PBXVariantGroup section */
		5EB81ECD1D6524F600215870 /* Main.storyboard */ = {
			isa = PBXVariantGroup;
			children = (
				5EB81ECE1D6524F600215870 /* Base */,
			);
			name = Main.storyboard;
			sourceTree = "<group>";
		};
		5EB81ED21D6524F600215870 /* LaunchScreen.storyboard */ = {
			isa = PBXVariantGroup;
			children = (
				5EB81ED31D6524F600215870 /* Base */,
			);
			name = LaunchScreen.storyboard;
			sourceTree = "<group>";
		};
/* End PBXVariantGroup section */

/* Begin XCBuildConfiguration section */
		5EB81EEC1D6524F600215870 /* Debug */ = {
			isa = XCBuildConfiguration;
			buildSettings = {
				ALWAYS_SEARCH_USER_PATHS = NO;
				CLANG_ANALYZER_NONNULL = YES;
				CLANG_CXX_LANGUAGE_STANDARD = "gnu++0x";
				CLANG_CXX_LIBRARY = "libc++";
				CLANG_ENABLE_MODULES = YES;
				CLANG_ENABLE_OBJC_ARC = YES;
				CLANG_WARN_BOOL_CONVERSION = YES;
				CLANG_WARN_CONSTANT_CONVERSION = YES;
				CLANG_WARN_DIRECT_OBJC_ISA_USAGE = YES_ERROR;
				CLANG_WARN_EMPTY_BODY = YES;
				CLANG_WARN_ENUM_CONVERSION = YES;
				CLANG_WARN_INT_CONVERSION = YES;
				CLANG_WARN_OBJC_ROOT_CLASS = YES_ERROR;
				CLANG_WARN_UNREACHABLE_CODE = YES;
				CLANG_WARN__DUPLICATE_METHOD_MATCH = YES;
				"CODE_SIGN_IDENTITY[sdk=iphoneos*]" = "iPhone Developer";
				COPY_PHASE_STRIP = NO;
				DEBUG_INFORMATION_FORMAT = dwarf;
				ENABLE_STRICT_OBJC_MSGSEND = YES;
				ENABLE_TESTABILITY = YES;
				GCC_C_LANGUAGE_STANDARD = gnu99;
				GCC_DYNAMIC_NO_PIC = NO;
				GCC_NO_COMMON_BLOCKS = YES;
				GCC_OPTIMIZATION_LEVEL = 0;
				GCC_PREPROCESSOR_DEFINITIONS = (
					"DEBUG=1",
					"$(inherited)",
				);
				GCC_WARN_64_TO_32_BIT_CONVERSION = YES;
				GCC_WARN_ABOUT_RETURN_TYPE = YES_ERROR;
				GCC_WARN_UNDECLARED_SELECTOR = YES;
				GCC_WARN_UNINITIALIZED_AUTOS = YES_AGGRESSIVE;
				GCC_WARN_UNUSED_FUNCTION = YES;
				GCC_WARN_UNUSED_VARIABLE = YES;
				IPHONEOS_DEPLOYMENT_TARGET = 9.3;
				MTL_ENABLE_DEBUG_INFO = YES;
				ONLY_ACTIVE_ARCH = YES;
				SDKROOT = iphoneos;
				SWIFT_OPTIMIZATION_LEVEL = "-Onone";
			};
			name = Debug;
		};
		5EB81EED1D6524F600215870 /* Release */ = {
			isa = XCBuildConfiguration;
			buildSettings = {
				ALWAYS_SEARCH_USER_PATHS = NO;
				CLANG_ANALYZER_NONNULL = YES;
				CLANG_CXX_LANGUAGE_STANDARD = "gnu++0x";
				CLANG_CXX_LIBRARY = "libc++";
				CLANG_ENABLE_MODULES = YES;
				CLANG_ENABLE_OBJC_ARC = YES;
				CLANG_WARN_BOOL_CONVERSION = YES;
				CLANG_WARN_CONSTANT_CONVERSION = YES;
				CLANG_WARN_DIRECT_OBJC_ISA_USAGE = YES_ERROR;
				CLANG_WARN_EMPTY_BODY = YES;
				CLANG_WARN_ENUM_CONVERSION = YES;
				CLANG_WARN_INT_CONVERSION = YES;
				CLANG_WARN_OBJC_ROOT_CLASS = YES_ERROR;
				CLANG_WARN_UNREACHABLE_CODE = YES;
				CLANG_WARN__DUPLICATE_METHOD_MATCH = YES;
				"CODE_SIGN_IDENTITY[sdk=iphoneos*]" = "iPhone Developer";
				COPY_PHASE_STRIP = NO;
				DEBUG_INFORMATION_FORMAT = "dwarf-with-dsym";
				ENABLE_NS_ASSERTIONS = NO;
				ENABLE_STRICT_OBJC_MSGSEND = YES;
				GCC_C_LANGUAGE_STANDARD = gnu99;
				GCC_NO_COMMON_BLOCKS = YES;
				GCC_WARN_64_TO_32_BIT_CONVERSION = YES;
				GCC_WARN_ABOUT_RETURN_TYPE = YES_ERROR;
				GCC_WARN_UNDECLARED_SELECTOR = YES;
				GCC_WARN_UNINITIALIZED_AUTOS = YES_AGGRESSIVE;
				GCC_WARN_UNUSED_FUNCTION = YES;
				GCC_WARN_UNUSED_VARIABLE = YES;
				IPHONEOS_DEPLOYMENT_TARGET = 9.3;
				MTL_ENABLE_DEBUG_INFO = NO;
				SDKROOT = iphoneos;
				VALIDATE_PRODUCT = YES;
			};
			name = Release;
		};
		5EB81EEF1D6524F600215870 /* Debug */ = {
			isa = XCBuildConfiguration;
			buildSettings = {
				ASSETCATALOG_COMPILER_APPICON_NAME = AppIcon;
				INFOPLIST_FILE = BoxOfDrop/Info.plist;
				LD_RUNPATH_SEARCH_PATHS = "$(inherited) @executable_path/Frameworks";
				PRODUCT_BUNDLE_IDENTIFIER = com.C1.BoxOfDrop;
				PRODUCT_NAME = "$(TARGET_NAME)";
			};
			name = Debug;
		};
		5EB81EF01D6524F600215870 /* Release */ = {
			isa = XCBuildConfiguration;
			buildSettings = {
				ASSETCATALOG_COMPILER_APPICON_NAME = AppIcon;
				INFOPLIST_FILE = BoxOfDrop/Info.plist;
				LD_RUNPATH_SEARCH_PATHS = "$(inherited) @executable_path/Frameworks";
				PRODUCT_BUNDLE_IDENTIFIER = com.C1.BoxOfDrop;
				PRODUCT_NAME = "$(TARGET_NAME)";
			};
			name = Release;
		};
		5EB81EF21D6524F600215870 /* Debug */ = {
			isa = XCBuildConfiguration;
			buildSettings = {
				BUNDLE_LOADER = "$(TEST_HOST)";
				INFOPLIST_FILE = BoxOfDropTests/Info.plist;
				LD_RUNPATH_SEARCH_PATHS = "$(inherited) @executable_path/Frameworks @loader_path/Frameworks";
				PRODUCT_BUNDLE_IDENTIFIER = com.C1.BoxOfDropTests;
				PRODUCT_NAME = "$(TARGET_NAME)";
				TEST_HOST = "$(BUILT_PRODUCTS_DIR)/BoxOfDrop.app/BoxOfDrop";
			};
			name = Debug;
		};
		5EB81EF31D6524F600215870 /* Release */ = {
			isa = XCBuildConfiguration;
			buildSettings = {
				BUNDLE_LOADER = "$(TEST_HOST)";
				INFOPLIST_FILE = BoxOfDropTests/Info.plist;
				LD_RUNPATH_SEARCH_PATHS = "$(inherited) @executable_path/Frameworks @loader_path/Frameworks";
				PRODUCT_BUNDLE_IDENTIFIER = com.C1.BoxOfDropTests;
				PRODUCT_NAME = "$(TARGET_NAME)";
				TEST_HOST = "$(BUILT_PRODUCTS_DIR)/BoxOfDrop.app/BoxOfDrop";
			};
			name = Release;
		};
		5EB81EF51D6524F600215870 /* Debug */ = {
			isa = XCBuildConfiguration;
			buildSettings = {
				INFOPLIST_FILE = BoxOfDropUITests/Info.plist;
				LD_RUNPATH_SEARCH_PATHS = "$(inherited) @executable_path/Frameworks @loader_path/Frameworks";
				PRODUCT_BUNDLE_IDENTIFIER = com.C1.BoxOfDropUITests;
				PRODUCT_NAME = "$(TARGET_NAME)";
				TEST_TARGET_NAME = BoxOfDrop;
			};
			name = Debug;
		};
		5EB81EF61D6524F600215870 /* Release */ = {
			isa = XCBuildConfiguration;
			buildSettings = {
				INFOPLIST_FILE = BoxOfDropUITests/Info.plist;
				LD_RUNPATH_SEARCH_PATHS = "$(inherited) @executable_path/Frameworks @loader_path/Frameworks";
				PRODUCT_BUNDLE_IDENTIFIER = com.C1.BoxOfDropUITests;
				PRODUCT_NAME = "$(TARGET_NAME)";
				TEST_TARGET_NAME = BoxOfDrop;
			};
			name = Release;
		};
/* End XCBuildConfiguration section */

/* Begin XCConfigurationList section */
		5EB81EC11D6524F500215870 /* Build configuration list for PBXProject "BoxOfDrop" */ = {
			isa = XCConfigurationList;
			buildConfigurations = (
				5EB81EEC1D6524F600215870 /* Debug */,
				5EB81EED1D6524F600215870 /* Release */,
			);
			defaultConfigurationIsVisible = 0;
			defaultConfigurationName = Release;
		};
		5EB81EEE1D6524F600215870 /* Build configuration list for PBXNativeTarget "BoxOfDrop" */ = {
			isa = XCConfigurationList;
			buildConfigurations = (
				5EB81EEF1D6524F600215870 /* Debug */,
				5EB81EF01D6524F600215870 /* Release */,
			);
			defaultConfigurationIsVisible = 0;
			defaultConfigurationName = Release;
		};
		5EB81EF11D6524F600215870 /* Build configuration list for PBXNativeTarget "BoxOfDropTests" */ = {
			isa = XCConfigurationList;
			buildConfigurations = (
				5EB81EF21D6524F600215870 /* Debug */,
				5EB81EF31D6524F600215870 /* Release */,
			);
			defaultConfigurationIsVisible = 0;
			defaultConfigurationName = Release;
		};
		5EB81EF41D6524F600215870 /* Build configuration list for PBXNativeTarget "BoxOfDropUITests" */ = {
			isa = XCConfigurationList;
			buildConfigurations = (
				5EB81EF51D6524F600215870 /* Debug */,
				5EB81EF61D6524F600215870 /* Release */,
			);
			defaultConfigurationIsVisible = 0;
			defaultConfigurationName = Release;
		};
/* End XCConfigurationList section */
	};
	rootObject = 5EB81EBE1D6524F500215870 /* Project object */;
}
